// !$*UTF8*$!
{
	archiveVersion = 1;
	classes = {
	};
	objectVersion = 46;
	objects = {

/* Begin PBXBuildFile section */
		2175F3E71E2DF25E00D3E62A /* AppDelegate.swift in Sources */ = {isa = PBXBuildFile; fileRef = 2175F3E61E2DF25E00D3E62A /* AppDelegate.swift */; };
		2175F3E91E2DF25E00D3E62A /* ViewController.swift in Sources */ = {isa = PBXBuildFile; fileRef = 2175F3E81E2DF25E00D3E62A /* ViewController.swift */; };
		2175F3EC1E2DF25E00D3E62A /* Main.storyboard in Resources */ = {isa = PBXBuildFile; fileRef = 2175F3EA1E2DF25E00D3E62A /* Main.storyboard */; };
		2175F3EE1E2DF25E00D3E62A /* Assets.xcassets in Resources */ = {isa = PBXBuildFile; fileRef = 2175F3ED1E2DF25E00D3E62A /* Assets.xcassets */; };
		2175F3F11E2DF25F00D3E62A /* LaunchScreen.storyboard in Resources */ = {isa = PBXBuildFile; fileRef = 2175F3EF1E2DF25F00D3E62A /* LaunchScreen.storyboard */; };
		2175F3FC1E2DF25F00D3E62A /* MyTestAppUITests.swift in Sources */ = {isa = PBXBuildFile; fileRef = 2175F3FB1E2DF25F00D3E62A /* MyTestAppUITests.swift */; };
		67F018704F2B7FECC4D08853 /* Pods_MyTestApp.framework in Frameworks */ = {isa = PBXBuildFile; fileRef = 6F4F163EE39BDC6F4AC38817 /* Pods_MyTestApp.framework */; };
/* End PBXBuildFile section */

/* Begin PBXContainerItemProxy section */
		2175F3F81E2DF25F00D3E62A /* PBXContainerItemProxy */ = {
			isa = PBXContainerItemProxy;
			containerPortal = 2175F3DB1E2DF25E00D3E62A /* Project object */;
			proxyType = 1;
			remoteGlobalIDString = 2175F3E21E2DF25E00D3E62A;
			remoteInfo = MyTestApp;
		};
/* End PBXContainerItemProxy section */

/* Begin PBXFileReference section */
		2175F3E31E2DF25E00D3E62A /* MyTestApp.app */ = {isa = PBXFileReference; explicitFileType = wrapper.application; includeInIndex = 0; path = MyTestApp.app; sourceTree = BUILT_PRODUCTS_DIR; };
		2175F3E61E2DF25E00D3E62A /* AppDelegate.swift */ = {isa = PBXFileReference; lastKnownFileType = sourcecode.swift; path = AppDelegate.swift; sourceTree = "<group>"; };
		2175F3E81E2DF25E00D3E62A /* ViewController.swift */ = {isa = PBXFileReference; lastKnownFileType = sourcecode.swift; path = ViewController.swift; sourceTree = "<group>"; };
		2175F3EB1E2DF25E00D3E62A /* Base */ = {isa = PBXFileReference; lastKnownFileType = file.storyboard; name = Base; path = Base.lproj/Main.storyboard; sourceTree = "<group>"; };
		2175F3ED1E2DF25E00D3E62A /* Assets.xcassets */ = {isa = PBXFileReference; lastKnownFileType = folder.assetcatalog; path = Assets.xcassets; sourceTree = "<group>"; };
		2175F3F01E2DF25F00D3E62A /* Base */ = {isa = PBXFileReference; lastKnownFileType = file.storyboard; name = Base; path = Base.lproj/LaunchScreen.storyboard; sourceTree = "<group>"; };
		2175F3F21E2DF25F00D3E62A /* Info.plist */ = {isa = PBXFileReference; lastKnownFileType = text.plist.xml; path = Info.plist; sourceTree = "<group>"; };
		2175F3F71E2DF25F00D3E62A /* MyTestAppUITests.xctest */ = {isa = PBXFileReference; explicitFileType = wrapper.cfbundle; includeInIndex = 0; path = MyTestAppUITests.xctest; sourceTree = BUILT_PRODUCTS_DIR; };
		2175F3FB1E2DF25F00D3E62A /* MyTestAppUITests.swift */ = {isa = PBXFileReference; lastKnownFileType = sourcecode.swift; path = MyTestAppUITests.swift; sourceTree = "<group>"; };
		2175F3FD1E2DF25F00D3E62A /* Info.plist */ = {isa = PBXFileReference; lastKnownFileType = text.plist.xml; path = Info.plist; sourceTree = "<group>"; };
		6F4F163EE39BDC6F4AC38817 /* Pods_MyTestApp.framework */ = {isa = PBXFileReference; explicitFileType = wrapper.framework; includeInIndex = 0; path = Pods_MyTestApp.framework; sourceTree = BUILT_PRODUCTS_DIR; };
		CC7E9EC45CA27E4037EEE64E /* Pods-MyTestApp.release.xcconfig */ = {isa = PBXFileReference; includeInIndex = 1; lastKnownFileType = text.xcconfig; name = "Pods-MyTestApp.release.xcconfig"; path = "Pods/Target Support Files/Pods-MyTestApp/Pods-MyTestApp.release.xcconfig"; sourceTree = "<group>"; };
		EAA67D753FD0DDAF2917BF1A /* Pods-MyTestApp.debug.xcconfig */ = {isa = PBXFileReference; includeInIndex = 1; lastKnownFileType = text.xcconfig; name = "Pods-MyTestApp.debug.xcconfig"; path = "Pods/Target Support Files/Pods-MyTestApp/Pods-MyTestApp.debug.xcconfig"; sourceTree = "<group>"; };
/* End PBXFileReference section */

/* Begin PBXFrameworksBuildPhase section */
		2175F3E01E2DF25E00D3E62A /* Frameworks */ = {
			isa = PBXFrameworksBuildPhase;
			buildActionMask = 2147483647;
			files = (
				67F018704F2B7FECC4D08853 /* Pods_MyTestApp.framework in Frameworks */,
			);
			runOnlyForDeploymentPostprocessing = 0;
		};
		2175F3F41E2DF25F00D3E62A /* Frameworks */ = {
			isa = PBXFrameworksBuildPhase;
			buildActionMask = 2147483647;
			files = (
			);
			runOnlyForDeploymentPostprocessing = 0;
		};
/* End PBXFrameworksBuildPhase section */

/* Begin PBXGroup section */
		0468D6FD2FEF6EDA81E43D70 /* Pods */ = {
			isa = PBXGroup;
			children = (
				EAA67D753FD0DDAF2917BF1A /* Pods-MyTestApp.debug.xcconfig */,
				CC7E9EC45CA27E4037EEE64E /* Pods-MyTestApp.release.xcconfig */,
			);
			name = Pods;
			sourceTree = "<group>";
		};
		2175F3DA1E2DF25E00D3E62A = {
			isa = PBXGroup;
			children = (
				2175F3E51E2DF25E00D3E62A /* MyTestApp */,
				2175F3FA1E2DF25F00D3E62A /* MyTestAppUITests */,
				2175F3E41E2DF25E00D3E62A /* Products */,
				0468D6FD2FEF6EDA81E43D70 /* Pods */,
				7797F82576912EF8AD1F5ED6 /* Frameworks */,
			);
			sourceTree = "<group>";
		};
		2175F3E41E2DF25E00D3E62A /* Products */ = {
			isa = PBXGroup;
			children = (
				2175F3E31E2DF25E00D3E62A /* MyTestApp.app */,
				2175F3F71E2DF25F00D3E62A /* MyTestAppUITests.xctest */,
			);
			name = Products;
			sourceTree = "<group>";
		};
		2175F3E51E2DF25E00D3E62A /* MyTestApp */ = {
			isa = PBXGroup;
			children = (
				2175F3E61E2DF25E00D3E62A /* AppDelegate.swift */,
				2175F3E81E2DF25E00D3E62A /* ViewController.swift */,
				2175F3EA1E2DF25E00D3E62A /* Main.storyboard */,
				2175F3ED1E2DF25E00D3E62A /* Assets.xcassets */,
				2175F3EF1E2DF25F00D3E62A /* LaunchScreen.storyboard */,
				2175F3F21E2DF25F00D3E62A /* Info.plist */,
			);
			path = MyTestApp;
			sourceTree = "<group>";
		};
		2175F3FA1E2DF25F00D3E62A /* MyTestAppUITests */ = {
			isa = PBXGroup;
			children = (
				2175F3FB1E2DF25F00D3E62A /* MyTestAppUITests.swift */,
				2175F3FD1E2DF25F00D3E62A /* Info.plist */,
			);
			path = MyTestAppUITests;
			sourceTree = "<group>";
		};
		7797F82576912EF8AD1F5ED6 /* Frameworks */ = {
			isa = PBXGroup;
			children = (
				6F4F163EE39BDC6F4AC38817 /* Pods_MyTestApp.framework */,
			);
			name = Frameworks;
			sourceTree = "<group>";
		};
/* End PBXGroup section */

/* Begin PBXNativeTarget section */
		2175F3E21E2DF25E00D3E62A /* MyTestApp */ = {
			isa = PBXNativeTarget;
			buildConfigurationList = 2175F4001E2DF25F00D3E62A /* Build configuration list for PBXNativeTarget "MyTestApp" */;
			buildPhases = (
				6E80155C43579D2393A0F207 /* [CP] Check Pods Manifest.lock */,
				2175F3DF1E2DF25E00D3E62A /* Sources */,
				2175F3E01E2DF25E00D3E62A /* Frameworks */,
				2175F3E11E2DF25E00D3E62A /* Resources */,
				FF95183364787BE62CD818BD /* [CP] Embed Pods Frameworks */,
				30CA805BB79F98BA0874BB86 /* [CP] Copy Pods Resources */,
			);
			buildRules = (
			);
			dependencies = (
			);
			name = MyTestApp;
			productName = MyTestApp;
			productReference = 2175F3E31E2DF25E00D3E62A /* MyTestApp.app */;
			productType = "com.apple.product-type.application";
		};
		2175F3F61E2DF25F00D3E62A /* MyTestAppUITests */ = {
			isa = PBXNativeTarget;
			buildConfigurationList = 2175F4031E2DF25F00D3E62A /* Build configuration list for PBXNativeTarget "MyTestAppUITests" */;
			buildPhases = (
				2175F3F31E2DF25F00D3E62A /* Sources */,
				2175F3F41E2DF25F00D3E62A /* Frameworks */,
				2175F3F51E2DF25F00D3E62A /* Resources */,
			);
			buildRules = (
			);
			dependencies = (
				2175F3F91E2DF25F00D3E62A /* PBXTargetDependency */,
			);
			name = MyTestAppUITests;
			productName = MyTestAppUITests;
			productReference = 2175F3F71E2DF25F00D3E62A /* MyTestAppUITests.xctest */;
			productType = "com.apple.product-type.bundle.ui-testing";
		};
/* End PBXNativeTarget section */

/* Begin PBXProject section */
		2175F3DB1E2DF25E00D3E62A /* Project object */ = {
			isa = PBXProject;
			attributes = {
				LastSwiftUpdateCheck = 0820;
				LastUpgradeCheck = 0820;
				ORGANIZATIONNAME = "Pritesh Mehta";
				TargetAttributes = {
					2175F3E21E2DF25E00D3E62A = {
						CreatedOnToolsVersion = 8.2.1;
						ProvisioningStyle = Automatic;
					};
					2175F3F61E2DF25F00D3E62A = {
						CreatedOnToolsVersion = 8.2.1;
						ProvisioningStyle = Automatic;
						TestTargetID = 2175F3E21E2DF25E00D3E62A;
					};
				};
			};
			buildConfigurationList = 2175F3DE1E2DF25E00D3E62A /* Build configuration list for PBXProject "MyTestApp" */;
			compatibilityVersion = "Xcode 3.2";
			developmentRegion = English;
			hasScannedForEncodings = 0;
			knownRegions = (
				en,
				Base,
			);
			mainGroup = 2175F3DA1E2DF25E00D3E62A;
			productRefGroup = 2175F3E41E2DF25E00D3E62A /* Products */;
			projectDirPath = "";
			projectRoot = "";
			targets = (
				2175F3E21E2DF25E00D3E62A /* MyTestApp */,
				2175F3F61E2DF25F00D3E62A /* MyTestAppUITests */,
			);
		};
/* End PBXProject section */

/* Begin PBXResourcesBuildPhase section */
		2175F3E11E2DF25E00D3E62A /* Resources */ = {
			isa = PBXResourcesBuildPhase;
			buildActionMask = 2147483647;
			files = (
				2175F3F11E2DF25F00D3E62A /* LaunchScreen.storyboard in Resources */,
				2175F3EE1E2DF25E00D3E62A /* Assets.xcassets in Resources */,
				2175F3EC1E2DF25E00D3E62A /* Main.storyboard in Resources */,
			);
			runOnlyForDeploymentPostprocessing = 0;
		};
		2175F3F51E2DF25F00D3E62A /* Resources */ = {
			isa = PBXResourcesBuildPhase;
			buildActionMask = 2147483647;
			files = (
			);
			runOnlyForDeploymentPostprocessing = 0;
		};
/* End PBXResourcesBuildPhase section */

/* Begin PBXShellScriptBuildPhase section */
		30CA805BB79F98BA0874BB86 /* [CP] Copy Pods Resources */ = {
			isa = PBXShellScriptBuildPhase;
			buildActionMask = 2147483647;
			files = (
			);
			inputPaths = (
			);
			name = "[CP] Copy Pods Resources";
			outputPaths = (
			);
			runOnlyForDeploymentPostprocessing = 0;
			shellPath = /bin/sh;
			shellScript = "\"${SRCROOT}/Pods/Target Support Files/Pods-MyTestApp/Pods-MyTestApp-resources.sh\"\n";
			showEnvVarsInLog = 0;
		};
		6E80155C43579D2393A0F207 /* [CP] Check Pods Manifest.lock */ = {
			isa = PBXShellScriptBuildPhase;
			buildActionMask = 2147483647;
			files = (
			);
			inputPaths = (
			);
			name = "[CP] Check Pods Manifest.lock";
			outputPaths = (
			);
			runOnlyForDeploymentPostprocessing = 0;
			shellPath = /bin/sh;
			shellScript = "diff \"${PODS_ROOT}/../Podfile.lock\" \"${PODS_ROOT}/Manifest.lock\" > /dev/null\nif [ $? != 0 ] ; then\n    # print error to STDERR\n    echo \"error: The sandbox is not in sync with the Podfile.lock. Run 'pod install' or update your CocoaPods installation.\" >&2\n    exit 1\nfi\n";
			showEnvVarsInLog = 0;
		};
		FF95183364787BE62CD818BD /* [CP] Embed Pods Frameworks */ = {
			isa = PBXShellScriptBuildPhase;
			buildActionMask = 2147483647;
			files = (
			);
			inputPaths = (
			);
			name = "[CP] Embed Pods Frameworks";
			outputPaths = (
			);
			runOnlyForDeploymentPostprocessing = 0;
			shellPath = /bin/sh;
			shellScript = "\"${SRCROOT}/Pods/Target Support Files/Pods-MyTestApp/Pods-MyTestApp-frameworks.sh\"\n";
			showEnvVarsInLog = 0;
		};
/* End PBXShellScriptBuildPhase section */

/* Begin PBXSourcesBuildPhase section */
		2175F3DF1E2DF25E00D3E62A /* Sources */ = {
			isa = PBXSourcesBuildPhase;
			buildActionMask = 2147483647;
			files = (
				2175F3E91E2DF25E00D3E62A /* ViewController.swift in Sources */,
				2175F3E71E2DF25E00D3E62A /* AppDelegate.swift in Sources */,
			);
			runOnlyForDeploymentPostprocessing = 0;
		};
		2175F3F31E2DF25F00D3E62A /* Sources */ = {
			isa = PBXSourcesBuildPhase;
			buildActionMask = 2147483647;
			files = (
				2175F3FC1E2DF25F00D3E62A /* MyTestAppUITests.swift in Sources */,
			);
			runOnlyForDeploymentPostprocessing = 0;
		};
/* End PBXSourcesBuildPhase section */

/* Begin PBXTargetDependency section */
		2175F3F91E2DF25F00D3E62A /* PBXTargetDependency */ = {
			isa = PBXTargetDependency;
			target = 2175F3E21E2DF25E00D3E62A /* MyTestApp */;
			targetProxy = 2175F3F81E2DF25F00D3E62A /* PBXContainerItemProxy */;
		};
/* End PBXTargetDependency section */

/* Begin PBXVariantGroup section */
		2175F3EA1E2DF25E00D3E62A /* Main.storyboard */ = {
			isa = PBXVariantGroup;
			children = (
				2175F3EB1E2DF25E00D3E62A /* Base */,
			);
			name = Main.storyboard;
			sourceTree = "<group>";
		};
		2175F3EF1E2DF25F00D3E62A /* LaunchScreen.storyboard */ = {
			isa = PBXVariantGroup;
			children = (
				2175F3F01E2DF25F00D3E62A /* Base */,
			);
			name = LaunchScreen.storyboard;
			sourceTree = "<group>";
		};
/* End PBXVariantGroup section */

/* Begin XCBuildConfiguration section */
		2175F3FE1E2DF25F00D3E62A /* Debug */ = {
			isa = XCBuildConfiguration;
			buildSettings = {
				ALWAYS_SEARCH_USER_PATHS = NO;
				CLANG_ANALYZER_NONNULL = YES;
				CLANG_CXX_LANGUAGE_STANDARD = "gnu++0x";
				CLANG_CXX_LIBRARY = "libc++";
				CLANG_ENABLE_MODULES = YES;
				CLANG_ENABLE_OBJC_ARC = YES;
				CLANG_WARN_BOOL_CONVERSION = YES;
				CLANG_WARN_CONSTANT_CONVERSION = YES;
				CLANG_WARN_DIRECT_OBJC_ISA_USAGE = YES_ERROR;
				CLANG_WARN_DOCUMENTATION_COMMENTS = YES;
				CLANG_WARN_EMPTY_BODY = YES;
				CLANG_WARN_ENUM_CONVERSION = YES;
				CLANG_WARN_INFINITE_RECURSION = YES;
				CLANG_WARN_INT_CONVERSION = YES;
				CLANG_WARN_OBJC_ROOT_CLASS = YES_ERROR;
				CLANG_WARN_SUSPICIOUS_MOVE = YES;
				CLANG_WARN_UNREACHABLE_CODE = YES;
				CLANG_WARN__DUPLICATE_METHOD_MATCH = YES;
				"CODE_SIGN_IDENTITY[sdk=iphoneos*]" = "iPhone Developer";
				COPY_PHASE_STRIP = NO;
				DEBUG_INFORMATION_FORMAT = dwarf;
				ENABLE_STRICT_OBJC_MSGSEND = YES;
				ENABLE_TESTABILITY = YES;
				GCC_C_LANGUAGE_STANDARD = gnu99;
				GCC_DYNAMIC_NO_PIC = NO;
				GCC_NO_COMMON_BLOCKS = YES;
				GCC_OPTIMIZATION_LEVEL = 0;
				GCC_PREPROCESSOR_DEFINITIONS = (
					"DEBUG=1",
					"$(inherited)",
				);
				GCC_WARN_64_TO_32_BIT_CONVERSION = YES;
				GCC_WARN_ABOUT_RETURN_TYPE = YES_ERROR;
				GCC_WARN_UNDECLARED_SELECTOR = YES;
				GCC_WARN_UNINITIALIZED_AUTOS = YES_AGGRESSIVE;
				GCC_WARN_UNUSED_FUNCTION = YES;
				GCC_WARN_UNUSED_VARIABLE = YES;
				IPHONEOS_DEPLOYMENT_TARGET = 10.2;
				MTL_ENABLE_DEBUG_INFO = YES;
				ONLY_ACTIVE_ARCH = YES;
				SDKROOT = iphoneos;
				SWIFT_ACTIVE_COMPILATION_CONDITIONS = DEBUG;
				SWIFT_OPTIMIZATION_LEVEL = "-Onone";
				TARGETED_DEVICE_FAMILY = "1,2";
			};
			name = Debug;
		};
		2175F3FF1E2DF25F00D3E62A /* Release */ = {
			isa = XCBuildConfiguration;
			buildSettings = {
				ALWAYS_SEARCH_USER_PATHS = NO;
				CLANG_ANALYZER_NONNULL = YES;
				CLANG_CXX_LANGUAGE_STANDARD = "gnu++0x";
				CLANG_CXX_LIBRARY = "libc++";
				CLANG_ENABLE_MODULES = YES;
				CLANG_ENABLE_OBJC_ARC = YES;
				CLANG_WARN_BOOL_CONVERSION = YES;
				CLANG_WARN_CONSTANT_CONVERSION = YES;
				CLANG_WARN_DIRECT_OBJC_ISA_USAGE = YES_ERROR;
				CLANG_WARN_DOCUMENTATION_COMMENTS = YES;
				CLANG_WARN_EMPTY_BODY = YES;
				CLANG_WARN_ENUM_CONVERSION = YES;
				CLANG_WARN_INFINITE_RECURSION = YES;
				CLANG_WARN_INT_CONVERSION = YES;
				CLANG_WARN_OBJC_ROOT_CLASS = YES_ERROR;
				CLANG_WARN_SUSPICIOUS_MOVE = YES;
				CLANG_WARN_UNREACHABLE_CODE = YES;
				CLANG_WARN__DUPLICATE_METHOD_MATCH = YES;
				"CODE_SIGN_IDENTITY[sdk=iphoneos*]" = "iPhone Developer";
				COPY_PHASE_STRIP = NO;
				DEBUG_INFORMATION_FORMAT = "dwarf-with-dsym";
				ENABLE_NS_ASSERTIONS = NO;
				ENABLE_STRICT_OBJC_MSGSEND = YES;
				GCC_C_LANGUAGE_STANDARD = gnu99;
				GCC_NO_COMMON_BLOCKS = YES;
				GCC_WARN_64_TO_32_BIT_CONVERSION = YES;
				GCC_WARN_ABOUT_RETURN_TYPE = YES_ERROR;
				GCC_WARN_UNDECLARED_SELECTOR = YES;
				GCC_WARN_UNINITIALIZED_AUTOS = YES_AGGRESSIVE;
				GCC_WARN_UNUSED_FUNCTION = YES;
				GCC_WARN_UNUSED_VARIABLE = YES;
				IPHONEOS_DEPLOYMENT_TARGET = 10.2;
				MTL_ENABLE_DEBUG_INFO = NO;
				SDKROOT = iphoneos;
				SWIFT_OPTIMIZATION_LEVEL = "-Owholemodule";
				TARGETED_DEVICE_FAMILY = "1,2";
				VALIDATE_PRODUCT = YES;
			};
			name = Release;
		};
		2175F4011E2DF25F00D3E62A /* Debug */ = {
			isa = XCBuildConfiguration;
			baseConfigurationReference = EAA67D753FD0DDAF2917BF1A /* Pods-MyTestApp.debug.xcconfig */;
			buildSettings = {
				ASSETCATALOG_COMPILER_APPICON_NAME = AppIcon;
				INFOPLIST_FILE = MyTestApp/Info.plist;
				LD_RUNPATH_SEARCH_PATHS = "$(inherited) @executable_path/Frameworks";
				PRODUCT_BUNDLE_IDENTIFIER = srcclr.MyTestApp;
				PRODUCT_NAME = "$(TARGET_NAME)";
				SWIFT_VERSION = 3.0;
			};
			name = Debug;
		};
		2175F4021E2DF25F00D3E62A /* Release */ = {
			isa = XCBuildConfiguration;
			baseConfigurationReference = CC7E9EC45CA27E4037EEE64E /* Pods-MyTestApp.release.xcconfig */;
			buildSettings = {
				ASSETCATALOG_COMPILER_APPICON_NAME = AppIcon;
				INFOPLIST_FILE = MyTestApp/Info.plist;
				LD_RUNPATH_SEARCH_PATHS = "$(inherited) @executable_path/Frameworks";
				PRODUCT_BUNDLE_IDENTIFIER = srcclr.MyTestApp;
				PRODUCT_NAME = "$(TARGET_NAME)";
				SWIFT_VERSION = 3.0;
			};
			name = Release;
		};
		2175F4041E2DF25F00D3E62A /* Debug */ = {
			isa = XCBuildConfiguration;
			buildSettings = {
				ALWAYS_EMBED_SWIFT_STANDARD_LIBRARIES = YES;
				INFOPLIST_FILE = MyTestAppUITests/Info.plist;
				LD_RUNPATH_SEARCH_PATHS = "$(inherited) @executable_path/Frameworks @loader_path/Frameworks";
				PRODUCT_BUNDLE_IDENTIFIER = srcclr.MyTestAppUITests;
				PRODUCT_NAME = "$(TARGET_NAME)";
				SWIFT_VERSION = 3.0;
				TEST_TARGET_NAME = MyTestApp;
			};
			name = Debug;
		};
		2175F4051E2DF25F00D3E62A /* Release */ = {
			isa = XCBuildConfiguration;
			buildSettings = {
				ALWAYS_EMBED_SWIFT_STANDARD_LIBRARIES = YES;
				INFOPLIST_FILE = MyTestAppUITests/Info.plist;
				LD_RUNPATH_SEARCH_PATHS = "$(inherited) @executable_path/Frameworks @loader_path/Frameworks";
				PRODUCT_BUNDLE_IDENTIFIER = srcclr.MyTestAppUITests;
				PRODUCT_NAME = "$(TARGET_NAME)";
				SWIFT_VERSION = 3.0;
				TEST_TARGET_NAME = MyTestApp;
			};
			name = Release;
		};
/* End XCBuildConfiguration section */

/* Begin XCConfigurationList section */
		2175F3DE1E2DF25E00D3E62A /* Build configuration list for PBXProject "MyTestApp" */ = {
			isa = XCConfigurationList;
			buildConfigurations = (
				2175F3FE1E2DF25F00D3E62A /* Debug */,
				2175F3FF1E2DF25F00D3E62A /* Release */,
			);
			defaultConfigurationIsVisible = 0;
			defaultConfigurationName = Release;
		};
		2175F4001E2DF25F00D3E62A /* Build configuration list for PBXNativeTarget "MyTestApp" */ = {
			isa = XCConfigurationList;
			buildConfigurations = (
				2175F4011E2DF25F00D3E62A /* Debug */,
				2175F4021E2DF25F00D3E62A /* Release */,
			);
			defaultConfigurationIsVisible = 0;
		};
		2175F4031E2DF25F00D3E62A /* Build configuration list for PBXNativeTarget "MyTestAppUITests" */ = {
			isa = XCConfigurationList;
			buildConfigurations = (
				2175F4041E2DF25F00D3E62A /* Debug */,
				2175F4051E2DF25F00D3E62A /* Release */,
			);
			defaultConfigurationIsVisible = 0;
		};
/* End XCConfigurationList section */
	};
	rootObject = 2175F3DB1E2DF25E00D3E62A /* Project object */;
}
